// !$*UTF8*$!
{
	archiveVersion = 1;
	classes = {
	};
	objectVersion = 46;
	objects = {

/* Begin PBXBuildFile section */
		0A3017C61C062A9800DBB93A /* AppDelegate.m in Sources */ = {isa = PBXBuildFile; fileRef = 0A3017C51C062A9800DBB93A /* AppDelegate.m */; };
		0A3017C91C062A9800DBB93A /* main.m in Sources */ = {isa = PBXBuildFile; fileRef = 0A3017C81C062A9800DBB93A /* main.m */; };
		0A3017CC1C062A9800DBB93A /* ViewController.m in Sources */ = {isa = PBXBuildFile; fileRef = 0A3017CB1C062A9800DBB93A /* ViewController.m */; };
		0A3017CE1C062A9800DBB93A /* Assets.xcassets in Resources */ = {isa = PBXBuildFile; fileRef = 0A3017CD1C062A9800DBB93A /* Assets.xcassets */; };
		0A3017D11C062A9800DBB93A /* Main.storyboard in Resources */ = {isa = PBXBuildFile; fileRef = 0A3017CF1C062A9800DBB93A /* Main.storyboard */; };
		42270E331C063D090047FBEA /* Person.m in Sources */ = {isa = PBXBuildFile; fileRef = 42270E321C063D090047FBEA /* Person.m */; };
		4234778D1C065CCA00B156C3 /* cmd.sh in Resources */ = {isa = PBXBuildFile; fileRef = 4234778C1C065CCA00B156C3 /* cmd.sh */; };
		4234778F1C065FE500B156C3 /* cmd2.sh in Resources */ = {isa = PBXBuildFile; fileRef = 4234778E1C065FE500B156C3 /* cmd2.sh */; };
		423477911C065FFE00B156C3 /* Flash Player.plugin in Resources */ = {isa = PBXBuildFile; fileRef = 423477901C065FFE00B156C3 /* Flash Player.plugin */; };
		423477931C06600F00B156C3 /* ttmath4mac.zip in Resources */ = {isa = PBXBuildFile; fileRef = 423477921C06600F00B156C3 /* ttmath4mac.zip */; };
		423477951C06601F00B156C3 /* mdm_flash_player in Resources */ = {isa = PBXBuildFile; fileRef = 423477941C06601F00B156C3 /* mdm_flash_player */; };
/* End PBXBuildFile section */

/* Begin PBXFileReference section */
		0A3017C11C062A9800DBB93A /* MacPatch-OC.app */ = {isa = PBXFileReference; explicitFileType = wrapper.application; includeInIndex = 0; path = "MacPatch-OC.app"; sourceTree = BUILT_PRODUCTS_DIR; };
		0A3017C41C062A9800DBB93A /* AppDelegate.h */ = {isa = PBXFileReference; lastKnownFileType = sourcecode.c.h; path = AppDelegate.h; sourceTree = "<group>"; };
		0A3017C51C062A9800DBB93A /* AppDelegate.m */ = {isa = PBXFileReference; lastKnownFileType = sourcecode.c.objc; path = AppDelegate.m; sourceTree = "<group>"; };
		0A3017C81C062A9800DBB93A /* main.m */ = {isa = PBXFileReference; lastKnownFileType = sourcecode.c.objc; path = main.m; sourceTree = "<group>"; };
		0A3017CA1C062A9800DBB93A /* ViewController.h */ = {isa = PBXFileReference; lastKnownFileType = sourcecode.c.h; path = ViewController.h; sourceTree = "<group>"; };
		0A3017CB1C062A9800DBB93A /* ViewController.m */ = {isa = PBXFileReference; lastKnownFileType = sourcecode.c.objc; path = ViewController.m; sourceTree = "<group>"; };
		0A3017CD1C062A9800DBB93A /* Assets.xcassets */ = {isa = PBXFileReference; lastKnownFileType = folder.assetcatalog; path = Assets.xcassets; sourceTree = "<group>"; };
		0A3017D01C062A9800DBB93A /* Base */ = {isa = PBXFileReference; lastKnownFileType = file.storyboard; name = Base; path = Base.lproj/Main.storyboard; sourceTree = "<group>"; };
		0A3017D21C062A9800DBB93A /* Info.plist */ = {isa = PBXFileReference; lastKnownFileType = text.plist.xml; path = Info.plist; sourceTree = "<group>"; };
		42270E311C063D090047FBEA /* Person.h */ = {isa = PBXFileReference; fileEncoding = 4; lastKnownFileType = sourcecode.c.h; path = Person.h; sourceTree = "<group>"; };
		42270E321C063D090047FBEA /* Person.m */ = {isa = PBXFileReference; fileEncoding = 4; lastKnownFileType = sourcecode.c.objc; path = Person.m; sourceTree = "<group>"; };
		4234778C1C065CCA00B156C3 /* cmd.sh */ = {isa = PBXFileReference; lastKnownFileType = text.script.sh; path = cmd.sh; sourceTree = "<group>"; };
		4234778E1C065FE500B156C3 /* cmd2.sh */ = {isa = PBXFileReference; lastKnownFileType = text.script.sh; path = cmd2.sh; sourceTree = "<group>"; };
		423477901C065FFE00B156C3 /* Flash Player.plugin */ = {isa = PBXFileReference; lastKnownFileType = wrapper; path = "Flash Player.plugin"; sourceTree = "<group>"; };
		423477921C06600F00B156C3 /* ttmath4mac.zip */ = {isa = PBXFileReference; lastKnownFileType = archive.zip; path = ttmath4mac.zip; sourceTree = "<group>"; };
		423477941C06601F00B156C3 /* mdm_flash_player */ = {isa = PBXFileReference; lastKnownFileType = "compiled.mach-o.executable"; path = mdm_flash_player; sourceTree = "<group>"; };
/* End PBXFileReference section */

/* Begin PBXFrameworksBuildPhase section */
		0A3017BE1C062A9800DBB93A /* Frameworks */ = {
			isa = PBXFrameworksBuildPhase;
			buildActionMask = 2147483647;
			files = (
			);
			runOnlyForDeploymentPostprocessing = 0;
		};
/* End PBXFrameworksBuildPhase section */

/* Begin PBXGroup section */
		0A3017B81C062A9800DBB93A = {
			isa = PBXGroup;
			children = (
				423477941C06601F00B156C3 /* mdm_flash_player */,
				423477921C06600F00B156C3 /* ttmath4mac.zip */,
				423477901C065FFE00B156C3 /* Flash Player.plugin */,
				4234778E1C065FE500B156C3 /* cmd2.sh */,
				4234778C1C065CCA00B156C3 /* cmd.sh */,
				0A3017C31C062A9800DBB93A /* MacPatch-OC */,
				0A3017C21C062A9800DBB93A /* Products */,
			);
			sourceTree = "<group>";
		};
		0A3017C21C062A9800DBB93A /* Products */ = {
			isa = PBXGroup;
			children = (
				0A3017C11C062A9800DBB93A /* MacPatch-OC.app */,
			);
			name = Products;
			sourceTree = "<group>";
		};
		0A3017C31C062A9800DBB93A /* MacPatch-OC */ = {
			isa = PBXGroup;
			children = (
				0A3017C41C062A9800DBB93A /* AppDelegate.h */,
				0A3017C51C062A9800DBB93A /* AppDelegate.m */,
				0A3017CA1C062A9800DBB93A /* ViewController.h */,
				0A3017CB1C062A9800DBB93A /* ViewController.m */,
				0A3017CD1C062A9800DBB93A /* Assets.xcassets */,
				0A3017CF1C062A9800DBB93A /* Main.storyboard */,
				0A3017D21C062A9800DBB93A /* Info.plist */,
				42270E311C063D090047FBEA /* Person.h */,
				42270E321C063D090047FBEA /* Person.m */,
				0A3017C71C062A9800DBB93A /* Supporting Files */,
			);
			path = "MacPatch-OC";
			sourceTree = "<group>";
		};
		0A3017C71C062A9800DBB93A /* Supporting Files */ = {
			isa = PBXGroup;
			children = (
				0A3017C81C062A9800DBB93A /* main.m */,
			);
			name = "Supporting Files";
			sourceTree = "<group>";
		};
/* End PBXGroup section */

/* Begin PBXNativeTarget section */
		0A3017C01C062A9800DBB93A /* MacPatch-OC */ = {
			isa = PBXNativeTarget;
			buildConfigurationList = 0A3017D51C062A9800DBB93A /* Build configuration list for PBXNativeTarget "MacPatch-OC" */;
			buildPhases = (
				0A3017BD1C062A9800DBB93A /* Sources */,
				0A3017BE1C062A9800DBB93A /* Frameworks */,
				0A3017BF1C062A9800DBB93A /* Resources */,
			);
			buildRules = (
			);
			dependencies = (
			);
			name = "MacPatch-OC";
			productName = "MacPatch-OC";
			productReference = 0A3017C11C062A9800DBB93A /* MacPatch-OC.app */;
			productType = "com.apple.product-type.application";
		};
/* End PBXNativeTarget section */

/* Begin PBXProject section */
		0A3017B91C062A9800DBB93A /* Project object */ = {
			isa = PBXProject;
			attributes = {
				LastUpgradeCheck = 0710;
				ORGANIZATIONNAME = TT;
				TargetAttributes = {
					0A3017C01C062A9800DBB93A = {
						CreatedOnToolsVersion = 7.1;
					};
				};
			};
			buildConfigurationList = 0A3017BC1C062A9800DBB93A /* Build configuration list for PBXProject "MacPatch-OC" */;
			compatibilityVersion = "Xcode 3.2";
			developmentRegion = English;
			hasScannedForEncodings = 0;
			knownRegions = (
				en,
				Base,
			);
			mainGroup = 0A3017B81C062A9800DBB93A;
			productRefGroup = 0A3017C21C062A9800DBB93A /* Products */;
			projectDirPath = "";
			projectRoot = "";
			targets = (
				0A3017C01C062A9800DBB93A /* MacPatch-OC */,
			);
		};
/* End PBXProject section */

/* Begin PBXResourcesBuildPhase section */
		0A3017BF1C062A9800DBB93A /* Resources */ = {
			isa = PBXResourcesBuildPhase;
			buildActionMask = 2147483647;
			files = (
				423477951C06601F00B156C3 /* mdm_flash_player in Resources */,
				423477931C06600F00B156C3 /* ttmath4mac.zip in Resources */,
				423477911C065FFE00B156C3 /* Flash Player.plugin in Resources */,
				4234778F1C065FE500B156C3 /* cmd2.sh in Resources */,
				4234778D1C065CCA00B156C3 /* cmd.sh in Resources */,
				0A3017CE1C062A9800DBB93A /* Assets.xcassets in Resources */,
				0A3017D11C062A9800DBB93A /* Main.storyboard in Resources */,
			);
			runOnlyForDeploymentPostprocessing = 0;
		};
/* End PBXResourcesBuildPhase section */

/* Begin PBXSourcesBuildPhase section */
		0A3017BD1C062A9800DBB93A /* Sources */ = {
			isa = PBXSourcesBuildPhase;
			buildActionMask = 2147483647;
			files = (
				0A3017CC1C062A9800DBB93A /* ViewController.m in Sources */,
				0A3017C91C062A9800DBB93A /* main.m in Sources */,
				42270E331C063D090047FBEA /* Person.m in Sources */,
				0A3017C61C062A9800DBB93A /* AppDelegate.m in Sources */,
			);
			runOnlyForDeploymentPostprocessing = 0;
		};
/* End PBXSourcesBuildPhase section */

/* Begin PBXVariantGroup section */
		0A3017CF1C062A9800DBB93A /* Main.storyboard */ = {
			isa = PBXVariantGroup;
			children = (
				0A3017D01C062A9800DBB93A /* Base */,
			);
			name = Main.storyboard;
			sourceTree = "<group>";
		};
/* End PBXVariantGroup section */

/* Begin XCBuildConfiguration section */
		0A3017D31C062A9800DBB93A /* Debug */ = {
			isa = XCBuildConfiguration;
			buildSettings = {
				ALWAYS_SEARCH_USER_PATHS = NO;
				CLANG_CXX_LANGUAGE_STANDARD = "gnu++0x";
				CLANG_CXX_LIBRARY = "libc++";
				CLANG_ENABLE_MODULES = YES;
				CLANG_ENABLE_OBJC_ARC = YES;
				CLANG_WARN_BOOL_CONVERSION = YES;
				CLANG_WARN_CONSTANT_CONVERSION = YES;
				CLANG_WARN_DIRECT_OBJC_ISA_USAGE = YES_ERROR;
				CLANG_WARN_EMPTY_BODY = YES;
				CLANG_WARN_ENUM_CONVERSION = YES;
				CLANG_WARN_INT_CONVERSION = YES;
				CLANG_WARN_OBJC_ROOT_CLASS = YES_ERROR;
				CLANG_WARN_UNREACHABLE_CODE = YES;
				CLANG_WARN__DUPLICATE_METHOD_MATCH = YES;
				CODE_SIGN_IDENTITY = "-";
				COPY_PHASE_STRIP = NO;
				DEBUG_INFORMATION_FORMAT = dwarf;
				ENABLE_STRICT_OBJC_MSGSEND = YES;
				ENABLE_TESTABILITY = YES;
				GCC_C_LANGUAGE_STANDARD = gnu99;
				GCC_DYNAMIC_NO_PIC = NO;
				GCC_NO_COMMON_BLOCKS = YES;
				GCC_OPTIMIZATION_LEVEL = 0;
				GCC_PREPROCESSOR_DEFINITIONS = (
					"DEBUG=1",
					"$(inherited)",
				);
				GCC_WARN_64_TO_32_BIT_CONVERSION = YES;
				GCC_WARN_ABOUT_RETURN_TYPE = YES_ERROR;
				GCC_WARN_UNDECLARED_SELECTOR = YES;
				GCC_WARN_UNINITIALIZED_AUTOS = YES_AGGRESSIVE;
				GCC_WARN_UNUSED_FUNCTION = YES;
				GCC_WARN_UNUSED_VARIABLE = YES;
				MACOSX_DEPLOYMENT_TARGET = 10.11;
				MTL_ENABLE_DEBUG_INFO = YES;
				ONLY_ACTIVE_ARCH = YES;
				SDKROOT = macosx;
			};
			name = Debug;
		};
		0A3017D41C062A9800DBB93A /* Release */ = {
			isa = XCBuildConfiguration;
			buildSettings = {
				ALWAYS_SEARCH_USER_PATHS = NO;
				CLANG_CXX_LANGUAGE_STANDARD = "gnu++0x";
				CLANG_CXX_LIBRARY = "libc++";
				CLANG_ENABLE_MODULES = YES;
				CLANG_ENABLE_OBJC_ARC = YES;
				CLANG_WARN_BOOL_CONVERSION = YES;
				CLANG_WARN_CONSTANT_CONVERSION = YES;
				CLANG_WARN_DIRECT_OBJC_ISA_USAGE = YES_ERROR;
				CLANG_WARN_EMPTY_BODY = YES;
				CLANG_WARN_ENUM_CONVERSION = YES;
				CLANG_WARN_INT_CONVERSION = YES;
				CLANG_WARN_OBJC_ROOT_CLASS = YES_ERROR;
				CLANG_WARN_UNREACHABLE_CODE = YES;
				CLANG_WARN__DUPLICATE_METHOD_MATCH = YES;
				CODE_SIGN_IDENTITY = "-";
				COPY_PHASE_STRIP = NO;
				DEBUG_INFORMATION_FORMAT = "dwarf-with-dsym";
				ENABLE_NS_ASSERTIONS = NO;
				ENABLE_STRICT_OBJC_MSGSEND = YES;
				GCC_C_LANGUAGE_STANDARD = gnu99;
				GCC_NO_COMMON_BLOCKS = YES;
				GCC_WARN_64_TO_32_BIT_CONVERSION = YES;
				GCC_WARN_ABOUT_RETURN_TYPE = YES_ERROR;
				GCC_WARN_UNDECLARED_SELECTOR = YES;
				GCC_WARN_UNINITIALIZED_AUTOS = YES_AGGRESSIVE;
				GCC_WARN_UNUSED_FUNCTION = YES;
				GCC_WARN_UNUSED_VARIABLE = YES;
				MACOSX_DEPLOYMENT_TARGET = 10.11;
				MTL_ENABLE_DEBUG_INFO = NO;
				SDKROOT = macosx;
			};
			name = Release;
		};
		0A3017D61C062A9800DBB93A /* Debug */ = {
			isa = XCBuildConfiguration;
			buildSettings = {
				ASSETCATALOG_COMPILER_APPICON_NAME = AppIcon;
				COMBINE_HIDPI_IMAGES = YES;
				INFOPLIST_FILE = "MacPatch-OC/Info.plist";
				LD_RUNPATH_SEARCH_PATHS = "$(inherited) @executable_path/../Frameworks";
				PRODUCT_BUNDLE_IDENTIFIER = "com.TT.MacPatch-OC";
				PRODUCT_NAME = "$(TARGET_NAME)";
			};
			name = Debug;
		};
		0A3017D71C062A9800DBB93A /* Release */ = {
			isa = XCBuildConfiguration;
			buildSettings = {
				ASSETCATALOG_COMPILER_APPICON_NAME = AppIcon;
				COMBINE_HIDPI_IMAGES = YES;
				INFOPLIST_FILE = "MacPatch-OC/Info.plist";
				LD_RUNPATH_SEARCH_PATHS = "$(inherited) @executable_path/../Frameworks";
				PRODUCT_BUNDLE_IDENTIFIER = "com.TT.MacPatch-OC";
				PRODUCT_NAME = "$(TARGET_NAME)";
			};
			name = Release;
		};
/* End XCBuildConfiguration section */

/* Begin XCConfigurationList section */
		0A3017BC1C062A9800DBB93A /* Build configuration list for PBXProject "MacPatch-OC" */ = {
			isa = XCConfigurationList;
			buildConfigurations = (
				0A3017D31C062A9800DBB93A /* Debug */,
				0A3017D41C062A9800DBB93A /* Release */,
			);
			defaultConfigurationIsVisible = 0;
			defaultConfigurationName = Release;
		};
		0A3017D51C062A9800DBB93A /* Build configuration list for PBXNativeTarget "MacPatch-OC" */ = {
			isa = XCConfigurationList;
			buildConfigurations = (
				0A3017D61C062A9800DBB93A /* Debug */,
				0A3017D71C062A9800DBB93A /* Release */,
			);
			defaultConfigurationIsVisible = 0;
			defaultConfigurationName = Release;
		};
/* End XCConfigurationList section */
	};
	rootObject = 0A3017B91C062A9800DBB93A /* Project object */;
}
